
Microsoft Visual Studio Solution File, Format Version 12.00
# Visual Studio Version 17
VisualStudioVersion = 17.0.31903.59
MinimumVisualStudioVersion = 10.0.40219.1
Project("{FAE04EC0-301F-11D3-BF4B-00C04F79EFBC}") = "MatrixOperations", "MatrixOperations\MatrixOperations.csproj", "{EF2D5AA5-CDAF-4959-A4AE-7D9310E887C2}"
EndProject
Project("{FAE04EC0-301F-11D3-BF4B-00C04F79EFBC}") = "ParticlePhysicsSimulation", "ParticlePhysicsSimulation\ParticlePhysicsSimulation.csproj", "{C27E167C-FC62-4692-999C-C2D80F6B8407}"
EndProject
Project("{FAE04EC0-301F-11D3-BF4B-00C04F79EFBC}") = "MoleculeAnalysis", "MoleculeAnalysis\MoleculeAnalysis.csproj", "{D163233F-81CC-46AE-8589-61054DBD54F8}"
EndProject
Project("{FAE04EC0-301F-11D3-BF4B-00C04F79EFBC}") = "MatrixAlgebraFramework", "MatrixAlgebraFramework\MatrixAlgebraFramework.csproj", "{F4C11822-0A49-42CC-9BB8-46425E04E867}"
EndProject
Global
	GlobalSection(SolutionConfigurationPlatforms) = preSolution
		Debug|Any CPU = Debug|Any CPU
		Release|Any CPU = Release|Any CPU
	EndGlobalSection
	GlobalSection(SolutionProperties) = preSolution
		HideSolutionNode = FALSE
	EndGlobalSection
	GlobalSection(ProjectConfigurationPlatforms) = postSolution
		{EF2D5AA5-CDAF-4959-A4AE-7D9310E887C2}.Debug|Any CPU.ActiveCfg = Debug|Any CPU
		{EF2D5AA5-CDAF-4959-A4AE-7D9310E887C2}.Debug|Any CPU.Build.0 = Debug|Any CPU
		{EF2D5AA5-CDAF-4959-A4AE-7D9310E887C2}.Release|Any CPU.ActiveCfg = Release|Any CPU
		{EF2D5AA5-CDAF-4959-A4AE-7D9310E887C2}.Release|Any CPU.Build.0 = Release|Any CPU
		{C27E167C-FC62-4692-999C-C2D80F6B8407}.Debug|Any CPU.ActiveCfg = Debug|Any CPU
		{C27E167C-FC62-4692-999C-C2D80F6B8407}.Debug|Any CPU.Build.0 = Debug|Any CPU
		{C27E167C-FC62-4692-999C-C2D80F6B8407}.Release|Any CPU.ActiveCfg = Release|Any CPU
		{C27E167C-FC62-4692-999C-C2D80F6B8407}.Release|Any CPU.Build.0 = Release|Any CPU
		{D163233F-81CC-46AE-8589-61054DBD54F8}.Debug|Any CPU.ActiveCfg = Debug|Any CPU
		{D163233F-81CC-46AE-8589-61054DBD54F8}.Debug|Any CPU.Build.0 = Debug|Any CPU
		{D163233F-81CC-46AE-8589-61054DBD54F8}.Release|Any CPU.ActiveCfg = Release|Any CPU
		{D163233F-81CC-46AE-8589-61054DBD54F8}.Release|Any CPU.Build.0 = Release|Any CPU
		{F4C11822-0A49-42CC-9BB8-46425E04E867}.Debug|Any CPU.ActiveCfg = Debug|Any CPU
		{F4C11822-0A49-42CC-9BB8-46425E04E867}.Debug|Any CPU.Build.0 = Debug|Any CPU
		{F4C11822-0A49-42CC-9BB8-46425E04E867}.Release|Any CPU.ActiveCfg = Release|Any CPU
		{F4C11822-0A49-42CC-9BB8-46425E04E867}.Release|Any CPU.Build.0 = Release|Any CPU
	EndGlobalSection
EndGlobal
